{
  "name": "@civ-clone/library-wonder",
  "version": "0.1.0",
  "lockfileVersion": 2,
  "requires": true,
  "packages": {
    "": {
      "name": "@civ-clone/library-wonder",
      "version": "0.1.0",
      "license": "MIT",
      "dependencies": {
        "@civ-clone/base-wonder-apolloprogram": "^0.1.0",
        "@civ-clone/base-wonder-colossus": "^0.1.0",
        "@civ-clone/base-wonder-copernicus-observatory": "^0.1.0",
        "@civ-clone/base-wonder-cureforcancer": "^0.1.0",
        "@civ-clone/base-wonder-darwinsvoyage": "^0.1.0",
        "@civ-clone/base-wonder-great-library": "^0.1.0",
        "@civ-clone/base-wonder-great-wall": "^0.1.0",
        "@civ-clone/base-wonder-hanging-gardens": "^0.1.0",
        "@civ-clone/base-wonder-hooverdam": "^0.1.0",
        "@civ-clone/base-wonder-isaacnewtonscollege": "^0.1.0",
        "@civ-clone/base-wonder-jsbachscathedral": "^0.1.0",
        "@civ-clone/base-wonder-lighthouse": "^0.1.0",
        "@civ-clone/base-wonder-magellans-expedition": "^0.1.0",
        "@civ-clone/base-wonder-manhattanproject": "^0.1.0",
        "@civ-clone/base-wonder-michelangeloschapel": "^0.1.0",
        "@civ-clone/base-wonder-oracle": "^0.1.0",
        "@civ-clone/base-wonder-pyramids": "^0.1.0",
        "@civ-clone/base-wonder-setiprogram": "^0.1.0",
        "@civ-clone/base-wonder-shakespearestheatre": "^0.1.0",
        "@civ-clone/base-wonder-unitednations": "^0.1.0",
        "@civ-clone/base-wonder-womenssuffrage": "^0.1.0"
      },
      "devDependencies": {
        "@types/node": "^14.0.0",
        "prettier": "^2.0.0",
        "typescript": "^4.0.0"
      }
    },
    "node_modules/@civ-clone/base-wonder-apolloprogram": {
      "version": "0.1.1",
      "resolved": "https://registry.npmjs.org/@civ-clone/base-wonder-apolloprogram/-/base-wonder-apolloprogram-0.1.1.tgz",
      "integrity": "sha512-KR1hvS+BvBwnrRKiQMthy9VnjdlNYgaQEawIlyO++cVgZCvaoQVXr0wQ+f00nfLffNEbp8xB7ozYQNJ0CkE+tw==",
      "dependencies": {
        "@civ-clone/core-wonder": "^0.1.0"
      }
    },
    "node_modules/@civ-clone/base-wonder-colossus": {
      "version": "0.1.1",
      "resolved": "https://registry.npmjs.org/@civ-clone/base-wonder-colossus/-/base-wonder-colossus-0.1.1.tgz",
      "integrity": "sha512-MAgyugvinCKGsE2AbS9LPpAZ7bgScqhb9GduQ9ks1k1hVSpSfv7tNzP1JdU1GyO2Y5R95focyDkp3amCK7gCAA==",
      "dependencies": {
        "@civ-clone/core-wonder": "^0.1.0"
      }
    },
    "node_modules/@civ-clone/base-wonder-copernicus-observatory": {
      "version": "0.1.1",
      "resolved": "https://registry.npmjs.org/@civ-clone/base-wonder-copernicus-observatory/-/base-wonder-copernicus-observatory-0.1.1.tgz",
      "integrity": "sha512-JsUTjvLkZVe3n5nDNUZodhcdkGDbdV1A6Bx7REQYxN0nxGJe1zpmce17/mrDxbNkI1V3iM3vdnqUGfe21mSQ3g==",
      "dependencies": {
        "@civ-clone/core-wonder": "^0.1.0"
      }
    },
    "node_modules/@civ-clone/base-wonder-cureforcancer": {
      "version": "0.1.1",
      "resolved": "https://registry.npmjs.org/@civ-clone/base-wonder-cureforcancer/-/base-wonder-cureforcancer-0.1.1.tgz",
      "integrity": "sha512-RnNKY70qa0pQbfxxZ7NxSZSW3nZwma93Ka+cnseVo69xyobYAfVDVXHII2jcbaPbYkjt2JGJx7FlBeJ9pgKD2g==",
      "dependencies": {
        "@civ-clone/core-wonder": "^0.1.0"
      }
    },
    "node_modules/@civ-clone/base-wonder-darwinsvoyage": {
      "version": "0.1.1",
      "resolved": "https://registry.npmjs.org/@civ-clone/base-wonder-darwinsvoyage/-/base-wonder-darwinsvoyage-0.1.1.tgz",
      "integrity": "sha512-AIrsms9o5lw3911kDhp6yvHlXsqDeIZHGJpkc/CKPQnhIuvae5Qb9BMZ1AkjX8XmO5/+pArNXqKxo7ccpGlPaw==",
      "dependencies": {
        "@civ-clone/core-wonder": "^0.1.0"
      }
    },
    "node_modules/@civ-clone/base-wonder-great-library": {
      "version": "0.1.1",
      "resolved": "https://registry.npmjs.org/@civ-clone/base-wonder-great-library/-/base-wonder-great-library-0.1.1.tgz",
      "integrity": "sha512-AsHRsCit3AVe/Ysrh/JxzbvaZ/nfP26JTirg/f/BuT7u1Hhx12RG16SO2XybmFstohp4LfuLIy2wmvcR4+X6qg==",
      "dependencies": {
        "@civ-clone/core-wonder": "^0.1.0"
      }
    },
    "node_modules/@civ-clone/base-wonder-great-wall": {
      "version": "0.1.1",
      "resolved": "https://registry.npmjs.org/@civ-clone/base-wonder-great-wall/-/base-wonder-great-wall-0.1.1.tgz",
      "integrity": "sha512-0LmJNmfnVlbdm8ol27eyRJs3fLqUDEInToOOnVaLmplDqnESBcjYtn1Z//40lPZW0UgYoqSXcCIjGIgnjhFgsQ==",
      "dependencies": {
        "@civ-clone/core-wonder": "^0.1.0"
      }
    },
    "node_modules/@civ-clone/base-wonder-hanging-gardens": {
      "version": "0.1.1",
      "resolved": "https://registry.npmjs.org/@civ-clone/base-wonder-hanging-gardens/-/base-wonder-hanging-gardens-0.1.1.tgz",
      "integrity": "sha512-uika3wWbRbexmWctLyThn11iB6qBCiNhplh6jBlBl5aNDTSreypAgkYW868JcxLM4F1i8WETwWPjySlRVTGwkA==",
      "dependencies": {
        "@civ-clone/core-wonder": "^0.1.0"
      }
    },
    "node_modules/@civ-clone/base-wonder-hooverdam": {
      "version": "0.1.1",
      "resolved": "https://registry.npmjs.org/@civ-clone/base-wonder-hooverdam/-/base-wonder-hooverdam-0.1.1.tgz",
      "integrity": "sha512-ZoE1CxcyL9JtlfMwFApT5E0dyQeioFnoibZt6U798p5Tl2b8Y4gl10kOPjYlPDH8jqiFXjOwC7ZrZ4ZgOJoHiQ==",
      "dependencies": {
        "@civ-clone/core-wonder": "^0.1.0"
      }
    },
    "node_modules/@civ-clone/base-wonder-isaacnewtonscollege": {
      "version": "0.1.1",
      "resolved": "https://registry.npmjs.org/@civ-clone/base-wonder-isaacnewtonscollege/-/base-wonder-isaacnewtonscollege-0.1.1.tgz",
      "integrity": "sha512-KTbB5m8UM4zCPanDDpFBvIfM8BuGG1NCAotdMfqm6+wuVwJRDdq3zv340FUqSbRAt2iJsfl0YgW1PlYG8w8XOA==",
      "dependencies": {
        "@civ-clone/core-wonder": "^0.1.0"
      }
    },
    "node_modules/@civ-clone/base-wonder-jsbachscathedral": {
      "version": "0.1.1",
      "resolved": "https://registry.npmjs.org/@civ-clone/base-wonder-jsbachscathedral/-/base-wonder-jsbachscathedral-0.1.1.tgz",
      "integrity": "sha512-eK+zvenEBas4N/oGKmTnjAAKNLeAz6E0DB5x9XvGBjBVLm0ZWKOTE8ZL+6s57w9pigiaBxtDnqvG+tXU7bm+uA==",
      "dependencies": {
        "@civ-clone/core-wonder": "^0.1.0"
      }
    },
    "node_modules/@civ-clone/base-wonder-lighthouse": {
      "version": "0.1.1",
      "resolved": "https://registry.npmjs.org/@civ-clone/base-wonder-lighthouse/-/base-wonder-lighthouse-0.1.1.tgz",
      "integrity": "sha512-LEBLbU7puD4b2iWqIJKXHyOceX+tG2E3m5a07Qacj8n2E3atwwdnRsikC0T4RYzyPZ/8DVc2t7CYkGd9Jx29yg==",
      "dependencies": {
        "@civ-clone/core-wonder": "^0.1.0"
      }
    },
    "node_modules/@civ-clone/base-wonder-magellans-expedition": {
      "version": "0.1.1",
      "resolved": "https://registry.npmjs.org/@civ-clone/base-wonder-magellans-expedition/-/base-wonder-magellans-expedition-0.1.1.tgz",
      "integrity": "sha512-ck4kcTbX4aQUSkvicaXTk4aaLnI0QeuLRXaatUgC0cLvmk1DitqnPCWMUbkkTgra/ZZRqxHP7+3UsiQqpte1ng==",
      "dependencies": {
        "@civ-clone/core-wonder": "^0.1.0"
      }
    },
    "node_modules/@civ-clone/base-wonder-manhattanproject": {
      "version": "0.1.1",
      "resolved": "https://registry.npmjs.org/@civ-clone/base-wonder-manhattanproject/-/base-wonder-manhattanproject-0.1.1.tgz",
      "integrity": "sha512-IPsEbxXHIR/TDLNFgBRIGD2NOPqhpQJId7Iy0Orkeesr1oKDCGypWEe7i8Ow4vtLsCO9yrLvx0zMG9fh2AT+Pg==",
      "dependencies": {
        "@civ-clone/core-wonder": "^0.1.0"
      }
    },
    "node_modules/@civ-clone/base-wonder-michelangeloschapel": {
      "version": "0.1.1",
      "resolved": "https://registry.npmjs.org/@civ-clone/base-wonder-michelangeloschapel/-/base-wonder-michelangeloschapel-0.1.1.tgz",
      "integrity": "sha512-dcJQgCH5gr5fmGSAe9lwwYonnEUqKjJlkEHmWvleKwWyxi7zSSS1MP0C9f5T6fxz0s+oPofaM9ipmR9/0XNOTQ==",
      "dependencies": {
        "@civ-clone/core-wonder": "^0.1.0"
      }
    },
    "node_modules/@civ-clone/base-wonder-oracle": {
      "version": "0.1.1",
      "resolved": "https://registry.npmjs.org/@civ-clone/base-wonder-oracle/-/base-wonder-oracle-0.1.1.tgz",
      "integrity": "sha512-QVR4D5e8po7BRDS49TOHXN1ctNX1Q3SokjzJ5wzeZ9duSRjo2MmVCKz2LqtaveYkmfERyu3gERo1TRn1dVxa/A==",
      "dependencies": {
        "@civ-clone/core-wonder": "^0.1.0"
      }
    },
    "node_modules/@civ-clone/base-wonder-pyramids": {
      "version": "0.1.0",
      "resolved": "https://registry.npmjs.org/@civ-clone/base-wonder-pyramids/-/base-wonder-pyramids-0.1.0.tgz",
      "integrity": "sha512-/9kGjJzt1Nh6DYidsAe3YvMa2+yxRUGrOQ700nLYupxWdsPhLbRgyoEihOFKqMPlsVWOmn1NDp6o+R7jca1dcg==",
      "dependencies": {
        "@civ-clone/core-wonder": "^0.1.0"
      }
    },
    "node_modules/@civ-clone/base-wonder-setiprogram": {
      "version": "0.1.1",
      "resolved": "https://registry.npmjs.org/@civ-clone/base-wonder-setiprogram/-/base-wonder-setiprogram-0.1.1.tgz",
      "integrity": "sha512-so+gjQj8nD3e8U7IjY9HJi5YldWIS8yVAnPW6wyHpVWT8S7cEJkwBfG2GcY2prSduY3Z/bv7Z2EV926ew91jUQ==",
      "dependencies": {
        "@civ-clone/core-wonder": "^0.1.0"
      }
    },
    "node_modules/@civ-clone/base-wonder-shakespearestheatre": {
      "version": "0.1.1",
      "resolved": "https://registry.npmjs.org/@civ-clone/base-wonder-shakespearestheatre/-/base-wonder-shakespearestheatre-0.1.1.tgz",
      "integrity": "sha512-pnWoCsTVU+aaLbOZ5lyfl0+xnDTi7oqhOI6QatClb2p77DVcd/wZ65WHCEspVvfUplkJUXcd6voRiPiipXj13Q==",
      "dependencies": {
        "@civ-clone/core-wonder": "^0.1.0"
      }
    },
    "node_modules/@civ-clone/base-wonder-unitednations": {
      "version": "0.1.1",
      "resolved": "https://registry.npmjs.org/@civ-clone/base-wonder-unitednations/-/base-wonder-unitednations-0.1.1.tgz",
      "integrity": "sha512-YXMPrh6H+oJuh+C7PBBp9VT2RY9BkOToC9lMllXKsgpHduUXLgdn0hfwjWTZQHymlPyg88r/znWQUB8aLO7a2g==",
      "dependencies": {
        "@civ-clone/core-wonder": "^0.1.0"
      }
    },
    "node_modules/@civ-clone/base-wonder-womenssuffrage": {
      "version": "0.1.1",
      "resolved": "https://registry.npmjs.org/@civ-clone/base-wonder-womenssuffrage/-/base-wonder-womenssuffrage-0.1.1.tgz",
      "integrity": "sha512-WY8jRe19QMifSizBSegok25VK2v6lYIXuPnsBpGCVxgLThKlNF90UQqLLrCVysBFSVDA2j0o1ihbN7cECgbpEA==",
      "dependencies": {
        "@civ-clone/core-wonder": "^0.1.0"
      }
    },
    "node_modules/@civ-clone/core-city": {
      "version": "0.1.10",
      "resolved": "https://registry.npmjs.org/@civ-clone/core-city/-/core-city-0.1.10.tgz",
      "integrity": "sha512-pui1Ryo/sAizoeYWW5SKvRIIkRIoBEEmlC3x74gx3e7BVViAIFo/d4gkN8JUzJxY/3eHFJ/hHiJcWKdRNYDg7w==",
      "dependencies": {
        "@civ-clone/core-data-object": "^0.1.0",
        "@civ-clone/core-player": "^0.1.0",
        "@civ-clone/core-registry": "^0.1.0",
        "@civ-clone/core-rule": "^0.1.0",
        "@civ-clone/core-world": "^0.1.0",
        "@civ-clone/core-yield": "^0.1.0"
      }
    },
    "node_modules/@civ-clone/core-city-build": {
      "version": "0.1.7",
      "resolved": "https://registry.npmjs.org/@civ-clone/core-city-build/-/core-city-build-0.1.7.tgz",
      "integrity": "sha512-DD4nqh2rYxW+fEg0z4r7OSkRQ8BAYbWSrjyIyGkF5Nrk6agKVuVNAY3Xc+7Bqg9bQt83vJQmA9UaLaxWlb0jzg==",
      "dependencies": {
        "@civ-clone/core-city": "^0.1.0",
        "@civ-clone/core-data-object": "^0.1.0",
        "@civ-clone/core-player": "^0.1.0",
        "@civ-clone/core-registry": "^0.1.0",
        "@civ-clone/core-rule": "^0.1.0",
        "@civ-clone/core-yield": "^0.1.0"
      }
    },
    "node_modules/@civ-clone/core-city-improvement": {
      "version": "0.1.4",
      "resolved": "https://registry.npmjs.org/@civ-clone/core-city-improvement/-/core-city-improvement-0.1.4.tgz",
      "integrity": "sha512-AEUFa+RyXGOkSbHlyvnsYsBwMtmad+npaZf4CI/m4wQeTEPPJfux4OKmjXXsMGf+aBcaxRNYNeUv0vY9LvfazA==",
      "dependencies": {
        "@civ-clone/core-city": "^0.1.0",
        "@civ-clone/core-city-build": "^0.1.3",
        "@civ-clone/core-data-object": "^0.1.0",
        "@civ-clone/core-player": "^0.1.0",
        "@civ-clone/core-registry": "^0.1.0",
        "@civ-clone/core-rule": "^0.1.0"
      }
    },
    "node_modules/@civ-clone/core-civilization": {
      "version": "0.1.3",
      "resolved": "https://registry.npmjs.org/@civ-clone/core-civilization/-/core-civilization-0.1.3.tgz",
      "integrity": "sha512-G4nwynXc8LobBphSNEshmfDs+94sj6UdMFlpEDvleAG13hMOPC5WtKCPSwpGpxfRaQwGS3lkyuYx5MNF4cA6sw==",
      "dependencies": {
        "@civ-clone/core-data-object": "^0.1.0",
        "@civ-clone/core-registry": "^0.1.0",
        "@civ-clone/core-yield": "^0.1.0"
      }
    },
    "node_modules/@civ-clone/core-data-object": {
      "version": "0.1.12",
      "resolved": "https://registry.npmjs.org/@civ-clone/core-data-object/-/core-data-object-0.1.12.tgz",
      "integrity": "sha512-hvDWU9QGNnejrcmJAzoKROMtRumpGKF7fxDMDaEK+qiBiLcHsEWvHpATzGeuah6AFqVuWtzbbxn5zDw0Aq+bOQ==",
      "dependencies": {
        "@civ-clone/core-registry": "^0.1.0"
      }
    },
    "node_modules/@civ-clone/core-player": {
      "version": "0.1.7",
      "resolved": "https://registry.npmjs.org/@civ-clone/core-player/-/core-player-0.1.7.tgz",
      "integrity": "sha512-z3kuSE3LA5/U1u0O6MNGnt7AjskMu6zKfMxgYF9+ZgZlFxfxi2DFqu/owuaRH7qZaAbELq9iKLwY6Z4PiisLUg==",
      "dependencies": {
        "@civ-clone/core-civilization": "^0.1.0",
        "@civ-clone/core-data-object": "^0.1.0",
        "@civ-clone/core-registry": "^0.1.0",
        "@civ-clone/core-rule": "^0.1.0",
        "@civ-clone/core-world": "^0.1.10"
      }
    },
    "node_modules/@civ-clone/core-registry": {
      "version": "0.1.1",
      "resolved": "https://registry.npmjs.org/@civ-clone/core-registry/-/core-registry-0.1.1.tgz",
      "integrity": "sha512-QmeffB0fmNLjIQMAgiZBQugOqWhOzgDpzgKB4KQtdkMrhjKV0jZw2VfM0mbEyqqem4hrSLsbrLkcA9aJh5NMXw=="
    },
    "node_modules/@civ-clone/core-rule": {
      "version": "0.1.3",
      "resolved": "https://registry.npmjs.org/@civ-clone/core-rule/-/core-rule-0.1.3.tgz",
      "integrity": "sha512-mAN8Mc2TiT8ulGWTCVhWo5UwxR4PjN3I5BLQYQ8bVy750iw4cLHoib/tRKXkYS1Qm0ETiI7c9GEMdYNDBdZ+pQ==",
      "dependencies": {
        "@civ-clone/core-registry": "^0.1.0"
      }
    },
    "node_modules/@civ-clone/core-terrain": {
      "version": "0.1.2",
      "resolved": "https://registry.npmjs.org/@civ-clone/core-terrain/-/core-terrain-0.1.2.tgz",
      "integrity": "sha512-eFBRIri06plxKQHtTtJIKnbl211HhylXInveeN7XqRvJUXq0paiwksI8Z7AqN5M+6bDe8OO+SXXnHwVdg1J8Dg==",
      "dependencies": {
        "@civ-clone/core-data-object": "^0.1.0",
        "@civ-clone/core-registry": "^0.1.0",
        "@civ-clone/core-rule": "^0.1.0"
      }
    },
    "node_modules/@civ-clone/core-wonder": {
      "version": "0.1.5",
      "resolved": "https://registry.npmjs.org/@civ-clone/core-wonder/-/core-wonder-0.1.5.tgz",
      "integrity": "sha512-fr7O1W4OruCHOI3wmd4sn0yEL7Eb3Xfg2xDDSlR8DYAUq+Xscxq1FTicgy6ENBCDSkgi0WSO2VjFgy7EhEoNjQ==",
      "dependencies": {
        "@civ-clone/core-city-improvement": "^0.1.0",
        "@civ-clone/core-player": "^0.1.6",
        "@civ-clone/core-registry": "^0.1.0"
      }
    },
    "node_modules/@civ-clone/core-world": {
      "version": "0.1.10",
      "resolved": "https://registry.npmjs.org/@civ-clone/core-world/-/core-world-0.1.10.tgz",
      "integrity": "sha512-H1pcRIZhArVgRhFOW9VS2khNeYu30GmR+gSxlVF08KA6O7y2ks3k0C23EPjTcox9/ytBumRZhA85HxmPNFgGFw==",
      "dependencies": {
        "@civ-clone/core-data-object": "^0.1.0",
        "@civ-clone/core-player": "^0.1.0",
        "@civ-clone/core-registry": "^0.1.0",
        "@civ-clone/core-rule": "^0.1.0",
        "@civ-clone/core-terrain": "^0.1.0",
        "@civ-clone/core-world-generator": "^0.1.0",
        "@civ-clone/core-yield": "^0.1.0"
      }
    },
    "node_modules/@civ-clone/core-world-generator": {
      "version": "0.1.3",
      "resolved": "https://registry.npmjs.org/@civ-clone/core-world-generator/-/core-world-generator-0.1.3.tgz",
      "integrity": "sha512-6Q7VNisEAnh6kYxMDDuLTHof+l+u0oWMq7vCe+P7srK3H9tF0w0C0hl6DyziUn3shgp/2mjWBZngWm0/8PV0bw==",
      "dependencies": {
        "@civ-clone/core-player": "^0.1.6",
        "@civ-clone/core-registry": "^0.1.0",
        "@civ-clone/core-rule": "^0.1.0",
        "@civ-clone/core-terrain": "^0.1.0",
        "@civ-clone/core-world": "^0.1.10"
      }
    },
    "node_modules/@civ-clone/core-yield": {
      "version": "0.1.4",
      "resolved": "https://registry.npmjs.org/@civ-clone/core-yield/-/core-yield-0.1.4.tgz",
      "integrity": "sha512-zXUcbQpmutleplRbwRU5O0Z/QAtBdGExpPC5UfoX34XvfkZN68A1O0PQf1xNL+5i4jHyUNldh0+biUnbzI4sWg==",
      "dependencies": {
        "@civ-clone/core-data-object": "^0.1.0",
        "@civ-clone/core-registry": "^0.1.0"
      }
    },
    "node_modules/@types/node": {
      "version": "14.18.42",
      "resolved": "https://registry.npmjs.org/@types/node/-/node-14.18.42.tgz",
      "integrity": "sha512-xefu+RBie4xWlK8hwAzGh3npDz/4VhF6icY/shU+zv/1fNn+ZVG7T7CRwe9LId9sAYRPxI+59QBPuKL3WpyGRg==",
      "dev": true
    },
    "node_modules/prettier": {
      "version": "2.8.7",
      "resolved": "https://registry.npmjs.org/prettier/-/prettier-2.8.7.tgz",
      "integrity": "sha512-yPngTo3aXUUmyuTjeTUT75txrf+aMh9FiD7q9ZE/i6r0bPb22g4FsE6Y338PQX1bmfy08i9QQCB7/rcUAVntfw==",
      "dev": true,
      "bin": {
        "prettier": "bin-prettier.js"
      },
      "engines": {
        "node": ">=10.13.0"
      },
      "funding": {
        "url": "https://github.com/prettier/prettier?sponsor=1"
      }
    },
    "node_modules/typescript": {
      "version": "4.9.5",
      "resolved": "https://registry.npmjs.org/typescript/-/typescript-4.9.5.tgz",
      "integrity": "sha512-1FXk9E2Hm+QzZQ7z+McJiHL4NW1F2EzMu9Nq9i3zAaGqibafqYwCVU6WyWAuyQRRzOlxou8xZSyXLEN8oKj24g==",
      "dev": true,
      "bin": {
        "tsc": "bin/tsc",
        "tsserver": "bin/tsserver"
      },
      "engines": {
        "node": ">=4.2.0"
      }
    }
  },
  "dependencies": {
    "@civ-clone/base-wonder-apolloprogram": {
      "version": "0.1.1",
      "resolved": "https://registry.npmjs.org/@civ-clone/base-wonder-apolloprogram/-/base-wonder-apolloprogram-0.1.1.tgz",
      "integrity": "sha512-KR1hvS+BvBwnrRKiQMthy9VnjdlNYgaQEawIlyO++cVgZCvaoQVXr0wQ+f00nfLffNEbp8xB7ozYQNJ0CkE+tw==",
      "requires": {
        "@civ-clone/core-wonder": "^0.1.0"
      }
    },
    "@civ-clone/base-wonder-colossus": {
      "version": "0.1.1",
      "resolved": "https://registry.npmjs.org/@civ-clone/base-wonder-colossus/-/base-wonder-colossus-0.1.1.tgz",
      "integrity": "sha512-MAgyugvinCKGsE2AbS9LPpAZ7bgScqhb9GduQ9ks1k1hVSpSfv7tNzP1JdU1GyO2Y5R95focyDkp3amCK7gCAA==",
      "requires": {
        "@civ-clone/core-wonder": "^0.1.0"
      }
    },
    "@civ-clone/base-wonder-copernicus-observatory": {
      "version": "0.1.1",
      "resolved": "https://registry.npmjs.org/@civ-clone/base-wonder-copernicus-observatory/-/base-wonder-copernicus-observatory-0.1.1.tgz",
      "integrity": "sha512-JsUTjvLkZVe3n5nDNUZodhcdkGDbdV1A6Bx7REQYxN0nxGJe1zpmce17/mrDxbNkI1V3iM3vdnqUGfe21mSQ3g==",
      "requires": {
        "@civ-clone/core-wonder": "^0.1.0"
      }
    },
    "@civ-clone/base-wonder-cureforcancer": {
      "version": "0.1.1",
      "resolved": "https://registry.npmjs.org/@civ-clone/base-wonder-cureforcancer/-/base-wonder-cureforcancer-0.1.1.tgz",
      "integrity": "sha512-RnNKY70qa0pQbfxxZ7NxSZSW3nZwma93Ka+cnseVo69xyobYAfVDVXHII2jcbaPbYkjt2JGJx7FlBeJ9pgKD2g==",
      "requires": {
        "@civ-clone/core-wonder": "^0.1.0"
      }
    },
    "@civ-clone/base-wonder-darwinsvoyage": {
      "version": "0.1.1",
      "resolved": "https://registry.npmjs.org/@civ-clone/base-wonder-darwinsvoyage/-/base-wonder-darwinsvoyage-0.1.1.tgz",
      "integrity": "sha512-AIrsms9o5lw3911kDhp6yvHlXsqDeIZHGJpkc/CKPQnhIuvae5Qb9BMZ1AkjX8XmO5/+pArNXqKxo7ccpGlPaw==",
      "requires": {
        "@civ-clone/core-wonder": "^0.1.0"
      }
    },
    "@civ-clone/base-wonder-great-library": {
      "version": "0.1.1",
      "resolved": "https://registry.npmjs.org/@civ-clone/base-wonder-great-library/-/base-wonder-great-library-0.1.1.tgz",
      "integrity": "sha512-AsHRsCit3AVe/Ysrh/JxzbvaZ/nfP26JTirg/f/BuT7u1Hhx12RG16SO2XybmFstohp4LfuLIy2wmvcR4+X6qg==",
      "requires": {
        "@civ-clone/core-wonder": "^0.1.0"
      }
    },
    "@civ-clone/base-wonder-great-wall": {
      "version": "0.1.1",
      "resolved": "https://registry.npmjs.org/@civ-clone/base-wonder-great-wall/-/base-wonder-great-wall-0.1.1.tgz",
      "integrity": "sha512-0LmJNmfnVlbdm8ol27eyRJs3fLqUDEInToOOnVaLmplDqnESBcjYtn1Z//40lPZW0UgYoqSXcCIjGIgnjhFgsQ==",
      "requires": {
        "@civ-clone/core-wonder": "^0.1.0"
      }
    },
    "@civ-clone/base-wonder-hanging-gardens": {
      "version": "0.1.1",
      "resolved": "https://registry.npmjs.org/@civ-clone/base-wonder-hanging-gardens/-/base-wonder-hanging-gardens-0.1.1.tgz",
      "integrity": "sha512-uika3wWbRbexmWctLyThn11iB6qBCiNhplh6jBlBl5aNDTSreypAgkYW868JcxLM4F1i8WETwWPjySlRVTGwkA==",
      "requires": {
        "@civ-clone/core-wonder": "^0.1.0"
      }
    },
    "@civ-clone/base-wonder-hooverdam": {
      "version": "0.1.1",
      "resolved": "https://registry.npmjs.org/@civ-clone/base-wonder-hooverdam/-/base-wonder-hooverdam-0.1.1.tgz",
      "integrity": "sha512-ZoE1CxcyL9JtlfMwFApT5E0dyQeioFnoibZt6U798p5Tl2b8Y4gl10kOPjYlPDH8jqiFXjOwC7ZrZ4ZgOJoHiQ==",
      "requires": {
        "@civ-clone/core-wonder": "^0.1.0"
      }
    },
    "@civ-clone/base-wonder-isaacnewtonscollege": {
      "version": "0.1.1",
      "resolved": "https://registry.npmjs.org/@civ-clone/base-wonder-isaacnewtonscollege/-/base-wonder-isaacnewtonscollege-0.1.1.tgz",
      "integrity": "sha512-KTbB5m8UM4zCPanDDpFBvIfM8BuGG1NCAotdMfqm6+wuVwJRDdq3zv340FUqSbRAt2iJsfl0YgW1PlYG8w8XOA==",
      "requires": {
        "@civ-clone/core-wonder": "^0.1.0"
      }
    },
    "@civ-clone/base-wonder-jsbachscathedral": {
      "version": "0.1.1",
      "resolved": "https://registry.npmjs.org/@civ-clone/base-wonder-jsbachscathedral/-/base-wonder-jsbachscathedral-0.1.1.tgz",
      "integrity": "sha512-eK+zvenEBas4N/oGKmTnjAAKNLeAz6E0DB5x9XvGBjBVLm0ZWKOTE8ZL+6s57w9pigiaBxtDnqvG+tXU7bm+uA==",
      "requires": {
        "@civ-clone/core-wonder": "^0.1.0"
      }
    },
    "@civ-clone/base-wonder-lighthouse": {
      "version": "0.1.1",
      "resolved": "https://registry.npmjs.org/@civ-clone/base-wonder-lighthouse/-/base-wonder-lighthouse-0.1.1.tgz",
      "integrity": "sha512-LEBLbU7puD4b2iWqIJKXHyOceX+tG2E3m5a07Qacj8n2E3atwwdnRsikC0T4RYzyPZ/8DVc2t7CYkGd9Jx29yg==",
      "requires": {
        "@civ-clone/core-wonder": "^0.1.0"
      }
    },
    "@civ-clone/base-wonder-magellans-expedition": {
      "version": "0.1.1",
      "resolved": "https://registry.npmjs.org/@civ-clone/base-wonder-magellans-expedition/-/base-wonder-magellans-expedition-0.1.1.tgz",
      "integrity": "sha512-ck4kcTbX4aQUSkvicaXTk4aaLnI0QeuLRXaatUgC0cLvmk1DitqnPCWMUbkkTgra/ZZRqxHP7+3UsiQqpte1ng==",
      "requires": {
        "@civ-clone/core-wonder": "^0.1.0"
      }
    },
    "@civ-clone/base-wonder-manhattanproject": {
      "version": "0.1.1",
      "resolved": "https://registry.npmjs.org/@civ-clone/base-wonder-manhattanproject/-/base-wonder-manhattanproject-0.1.1.tgz",
      "integrity": "sha512-IPsEbxXHIR/TDLNFgBRIGD2NOPqhpQJId7Iy0Orkeesr1oKDCGypWEe7i8Ow4vtLsCO9yrLvx0zMG9fh2AT+Pg==",
      "requires": {
        "@civ-clone/core-wonder": "^0.1.0"
      }
    },
    "@civ-clone/base-wonder-michelangeloschapel": {
      "version": "0.1.1",
      "resolved": "https://registry.npmjs.org/@civ-clone/base-wonder-michelangeloschapel/-/base-wonder-michelangeloschapel-0.1.1.tgz",
      "integrity": "sha512-dcJQgCH5gr5fmGSAe9lwwYonnEUqKjJlkEHmWvleKwWyxi7zSSS1MP0C9f5T6fxz0s+oPofaM9ipmR9/0XNOTQ==",
      "requires": {
        "@civ-clone/core-wonder": "^0.1.0"
      }
    },
    "@civ-clone/base-wonder-oracle": {
      "version": "0.1.1",
      "resolved": "https://registry.npmjs.org/@civ-clone/base-wonder-oracle/-/base-wonder-oracle-0.1.1.tgz",
      "integrity": "sha512-QVR4D5e8po7BRDS49TOHXN1ctNX1Q3SokjzJ5wzeZ9duSRjo2MmVCKz2LqtaveYkmfERyu3gERo1TRn1dVxa/A==",
      "requires": {
        "@civ-clone/core-wonder": "^0.1.0"
      }
    },
    "@civ-clone/base-wonder-pyramids": {
      "version": "0.1.0",
      "resolved": "https://registry.npmjs.org/@civ-clone/base-wonder-pyramids/-/base-wonder-pyramids-0.1.0.tgz",
      "integrity": "sha512-/9kGjJzt1Nh6DYidsAe3YvMa2+yxRUGrOQ700nLYupxWdsPhLbRgyoEihOFKqMPlsVWOmn1NDp6o+R7jca1dcg==",
      "requires": {
        "@civ-clone/core-wonder": "^0.1.0"
      }
    },
    "@civ-clone/base-wonder-setiprogram": {
      "version": "0.1.1",
      "resolved": "https://registry.npmjs.org/@civ-clone/base-wonder-setiprogram/-/base-wonder-setiprogram-0.1.1.tgz",
      "integrity": "sha512-so+gjQj8nD3e8U7IjY9HJi5YldWIS8yVAnPW6wyHpVWT8S7cEJkwBfG2GcY2prSduY3Z/bv7Z2EV926ew91jUQ==",
      "requires": {
        "@civ-clone/core-wonder": "^0.1.0"
      }
    },
    "@civ-clone/base-wonder-shakespearestheatre": {
      "version": "0.1.1",
      "resolved": "https://registry.npmjs.org/@civ-clone/base-wonder-shakespearestheatre/-/base-wonder-shakespearestheatre-0.1.1.tgz",
      "integrity": "sha512-pnWoCsTVU+aaLbOZ5lyfl0+xnDTi7oqhOI6QatClb2p77DVcd/wZ65WHCEspVvfUplkJUXcd6voRiPiipXj13Q==",
      "requires": {
        "@civ-clone/core-wonder": "^0.1.0"
      }
    },
    "@civ-clone/base-wonder-unitednations": {
      "version": "0.1.1",
      "resolved": "https://registry.npmjs.org/@civ-clone/base-wonder-unitednations/-/base-wonder-unitednations-0.1.1.tgz",
      "integrity": "sha512-YXMPrh6H+oJuh+C7PBBp9VT2RY9BkOToC9lMllXKsgpHduUXLgdn0hfwjWTZQHymlPyg88r/znWQUB8aLO7a2g==",
      "requires": {
        "@civ-clone/core-wonder": "^0.1.0"
      }
    },
    "@civ-clone/base-wonder-womenssuffrage": {
      "version": "0.1.1",
      "resolved": "https://registry.npmjs.org/@civ-clone/base-wonder-womenssuffrage/-/base-wonder-womenssuffrage-0.1.1.tgz",
      "integrity": "sha512-WY8jRe19QMifSizBSegok25VK2v6lYIXuPnsBpGCVxgLThKlNF90UQqLLrCVysBFSVDA2j0o1ihbN7cECgbpEA==",
      "requires": {
        "@civ-clone/core-wonder": "^0.1.0"
      }
    },
    "@civ-clone/core-city": {
      "version": "0.1.10",
      "resolved": "https://registry.npmjs.org/@civ-clone/core-city/-/core-city-0.1.10.tgz",
      "integrity": "sha512-pui1Ryo/sAizoeYWW5SKvRIIkRIoBEEmlC3x74gx3e7BVViAIFo/d4gkN8JUzJxY/3eHFJ/hHiJcWKdRNYDg7w==",
      "requires": {
        "@civ-clone/core-data-object": "^0.1.0",
        "@civ-clone/core-player": "^0.1.0",
        "@civ-clone/core-registry": "^0.1.0",
        "@civ-clone/core-rule": "^0.1.0",
        "@civ-clone/core-world": "^0.1.0",
        "@civ-clone/core-yield": "^0.1.0"
      }
    },
    "@civ-clone/core-city-build": {
      "version": "0.1.7",
      "resolved": "https://registry.npmjs.org/@civ-clone/core-city-build/-/core-city-build-0.1.7.tgz",
      "integrity": "sha512-DD4nqh2rYxW+fEg0z4r7OSkRQ8BAYbWSrjyIyGkF5Nrk6agKVuVNAY3Xc+7Bqg9bQt83vJQmA9UaLaxWlb0jzg==",
      "requires": {
        "@civ-clone/core-city": "^0.1.0",
        "@civ-clone/core-data-object": "^0.1.0",
        "@civ-clone/core-player": "^0.1.0",
        "@civ-clone/core-registry": "^0.1.0",
        "@civ-clone/core-rule": "^0.1.0",
        "@civ-clone/core-yield": "^0.1.0"
      }
    },
    "@civ-clone/core-city-improvement": {
      "version": "0.1.4",
      "resolved": "https://registry.npmjs.org/@civ-clone/core-city-improvement/-/core-city-improvement-0.1.4.tgz",
      "integrity": "sha512-AEUFa+RyXGOkSbHlyvnsYsBwMtmad+npaZf4CI/m4wQeTEPPJfux4OKmjXXsMGf+aBcaxRNYNeUv0vY9LvfazA==",
      "requires": {
        "@civ-clone/core-city": "^0.1.0",
        "@civ-clone/core-city-build": "^0.1.3",
        "@civ-clone/core-data-object": "^0.1.0",
        "@civ-clone/core-player": "^0.1.0",
        "@civ-clone/core-registry": "^0.1.0",
        "@civ-clone/core-rule": "^0.1.0"
      }
    },
    "@civ-clone/core-civilization": {
      "version": "0.1.3",
      "resolved": "https://registry.npmjs.org/@civ-clone/core-civilization/-/core-civilization-0.1.3.tgz",
      "integrity": "sha512-G4nwynXc8LobBphSNEshmfDs+94sj6UdMFlpEDvleAG13hMOPC5WtKCPSwpGpxfRaQwGS3lkyuYx5MNF4cA6sw==",
      "requires": {
        "@civ-clone/core-data-object": "^0.1.0",
        "@civ-clone/core-registry": "^0.1.0",
        "@civ-clone/core-yield": "^0.1.0"
      }
    },
    "@civ-clone/core-data-object": {
      "version": "0.1.12",
      "resolved": "https://registry.npmjs.org/@civ-clone/core-data-object/-/core-data-object-0.1.12.tgz",
      "integrity": "sha512-hvDWU9QGNnejrcmJAzoKROMtRumpGKF7fxDMDaEK+qiBiLcHsEWvHpATzGeuah6AFqVuWtzbbxn5zDw0Aq+bOQ==",
      "requires": {
        "@civ-clone/core-registry": "^0.1.0"
      }
    },
    "@civ-clone/core-player": {
      "version": "0.1.7",
      "resolved": "https://registry.npmjs.org/@civ-clone/core-player/-/core-player-0.1.7.tgz",
      "integrity": "sha512-z3kuSE3LA5/U1u0O6MNGnt7AjskMu6zKfMxgYF9+ZgZlFxfxi2DFqu/owuaRH7qZaAbELq9iKLwY6Z4PiisLUg==",
      "requires": {
        "@civ-clone/core-civilization": "^0.1.0",
        "@civ-clone/core-data-object": "^0.1.0",
        "@civ-clone/core-registry": "^0.1.0",
        "@civ-clone/core-rule": "^0.1.0",
        "@civ-clone/core-world": "^0.1.10"
      }
    },
    "@civ-clone/core-registry": {
      "version": "0.1.1",
      "resolved": "https://registry.npmjs.org/@civ-clone/core-registry/-/core-registry-0.1.1.tgz",
      "integrity": "sha512-QmeffB0fmNLjIQMAgiZBQugOqWhOzgDpzgKB4KQtdkMrhjKV0jZw2VfM0mbEyqqem4hrSLsbrLkcA9aJh5NMXw=="
    },
    "@civ-clone/core-rule": {
      "version": "0.1.3",
      "resolved": "https://registry.npmjs.org/@civ-clone/core-rule/-/core-rule-0.1.3.tgz",
      "integrity": "sha512-mAN8Mc2TiT8ulGWTCVhWo5UwxR4PjN3I5BLQYQ8bVy750iw4cLHoib/tRKXkYS1Qm0ETiI7c9GEMdYNDBdZ+pQ==",
      "requires": {
        "@civ-clone/core-registry": "^0.1.0"
      }
    },
    "@civ-clone/core-terrain": {
      "version": "0.1.2",
      "resolved": "https://registry.npmjs.org/@civ-clone/core-terrain/-/core-terrain-0.1.2.tgz",
      "integrity": "sha512-eFBRIri06plxKQHtTtJIKnbl211HhylXInveeN7XqRvJUXq0paiwksI8Z7AqN5M+6bDe8OO+SXXnHwVdg1J8Dg==",
      "requires": {
        "@civ-clone/core-data-object": "^0.1.0",
        "@civ-clone/core-registry": "^0.1.0",
        "@civ-clone/core-rule": "^0.1.0"
      }
    },
    "@civ-clone/core-wonder": {
      "version": "0.1.5",
      "resolved": "https://registry.npmjs.org/@civ-clone/core-wonder/-/core-wonder-0.1.5.tgz",
      "integrity": "sha512-fr7O1W4OruCHOI3wmd4sn0yEL7Eb3Xfg2xDDSlR8DYAUq+Xscxq1FTicgy6ENBCDSkgi0WSO2VjFgy7EhEoNjQ==",
      "requires": {
        "@civ-clone/core-city-improvement": "^0.1.0",
        "@civ-clone/core-player": "^0.1.6",
        "@civ-clone/core-registry": "^0.1.0"
      }
    },
    "@civ-clone/core-world": {
      "version": "0.1.10",
      "resolved": "https://registry.npmjs.org/@civ-clone/core-world/-/core-world-0.1.10.tgz",
      "integrity": "sha512-H1pcRIZhArVgRhFOW9VS2khNeYu30GmR+gSxlVF08KA6O7y2ks3k0C23EPjTcox9/ytBumRZhA85HxmPNFgGFw==",
      "requires": {
        "@civ-clone/core-data-object": "^0.1.0",
        "@civ-clone/core-player": "^0.1.0",
        "@civ-clone/core-registry": "^0.1.0",
        "@civ-clone/core-rule": "^0.1.0",
        "@civ-clone/core-terrain": "^0.1.0",
        "@civ-clone/core-world-generator": "^0.1.0",
        "@civ-clone/core-yield": "^0.1.0"
      }
    },
    "@civ-clone/core-world-generator": {
      "version": "0.1.3",
      "resolved": "https://registry.npmjs.org/@civ-clone/core-world-generator/-/core-world-generator-0.1.3.tgz",
      "integrity": "sha512-6Q7VNisEAnh6kYxMDDuLTHof+l+u0oWMq7vCe+P7srK3H9tF0w0C0hl6DyziUn3shgp/2mjWBZngWm0/8PV0bw==",
      "requires": {
        "@civ-clone/core-player": "^0.1.6",
        "@civ-clone/core-registry": "^0.1.0",
        "@civ-clone/core-rule": "^0.1.0",
        "@civ-clone/core-terrain": "^0.1.0",
        "@civ-clone/core-world": "^0.1.10"
      }
    },
    "@civ-clone/core-yield": {
      "version": "0.1.4",
      "resolved": "https://registry.npmjs.org/@civ-clone/core-yield/-/core-yield-0.1.4.tgz",
      "integrity": "sha512-zXUcbQpmutleplRbwRU5O0Z/QAtBdGExpPC5UfoX34XvfkZN68A1O0PQf1xNL+5i4jHyUNldh0+biUnbzI4sWg==",
      "requires": {
        "@civ-clone/core-data-object": "^0.1.0",
        "@civ-clone/core-registry": "^0.1.0"
      }
    },
    "@types/node": {
      "version": "14.18.42",
      "resolved": "https://registry.npmjs.org/@types/node/-/node-14.18.42.tgz",
      "integrity": "sha512-xefu+RBie4xWlK8hwAzGh3npDz/4VhF6icY/shU+zv/1fNn+ZVG7T7CRwe9LId9sAYRPxI+59QBPuKL3WpyGRg==",
      "dev": true
    },
    "prettier": {
      "version": "2.8.7",
      "resolved": "https://registry.npmjs.org/prettier/-/prettier-2.8.7.tgz",
      "integrity": "sha512-yPngTo3aXUUmyuTjeTUT75txrf+aMh9FiD7q9ZE/i6r0bPb22g4FsE6Y338PQX1bmfy08i9QQCB7/rcUAVntfw==",
      "dev": true
    },
    "typescript": {
      "version": "4.9.5",
      "resolved": "https://registry.npmjs.org/typescript/-/typescript-4.9.5.tgz",
      "integrity": "sha512-1FXk9E2Hm+QzZQ7z+McJiHL4NW1F2EzMu9Nq9i3zAaGqibafqYwCVU6WyWAuyQRRzOlxou8xZSyXLEN8oKj24g==",
      "dev": true
    }
  }
}
